
Microsoft Visual Studio Solution File, Format Version 12.00
# Visual Studio Version 16
VisualStudioVersion = 16.0.30011.22
MinimumVisualStudioVersion = 10.0.40219.1
Project("{2150E333-8FDC-42A3-9474-1A3956D46DE8}") = "CORE", "CORE", "{A0A43DD7-55AC-4B03-A72B-979446B312D2}"
EndProject
Project("{2150E333-8FDC-42A3-9474-1A3956D46DE8}") = "INFRASTRUCTURE", "INFRASTRUCTURE", "{FDB74E04-23BD-4A44-9A87-574CDBBFB0F7}"
EndProject
Project("{2150E333-8FDC-42A3-9474-1A3956D46DE8}") = "UI", "UI", "{5850CEBD-6280-42C4-A840-78B89DA863A8}"
EndProject
Project("{9A19103F-16F7-4668-BE54-9A1E7A4F7556}") = "ECSSR.COMMON", "ECSSR.COMMON\ECSSR.COMMON.csproj", "{60507306-BA19-497D-958D-D879DA3F6363}"
EndProject
Project("{9A19103F-16F7-4668-BE54-9A1E7A4F7556}") = "ECSSR.DOMAIN", "ECSSR.DOMAIN\ECSSR.DOMAIN.csproj", "{0551964C-F3CE-4612-8906-7F27A593B31C}"
EndProject
Project("{9A19103F-16F7-4668-BE54-9A1E7A4F7556}") = "ECSSR.UTILITY", "ECSSR.UTILITY\ECSSR.UTILITY.csproj", "{71A282A5-6438-408E-9BC7-0BB3E16D5A02}"
EndProject
Project("{9A19103F-16F7-4668-BE54-9A1E7A4F7556}") = "ECSSR.UI", "ECSSR.UI\ECSSR.UI.csproj", "{5206C3D4-E069-4C4E-8790-F9919A4BB029}"
EndProject
Project("{FAE04EC0-301F-11D3-BF4B-00C04F79EFBC}") = "ECSSR.ElasticSearch", "ECSSR.ElasticSearch\ECSSR.ElasticSearch.csproj", "{9DE0E919-831F-46E3-B86C-B115E321CC72}"
EndProject
Global
	GlobalSection(SolutionConfigurationPlatforms) = preSolution
		Debug|Any CPU = Debug|Any CPU
		Release|Any CPU = Release|Any CPU
	EndGlobalSection
	GlobalSection(ProjectConfigurationPlatforms) = postSolution
		{60507306-BA19-497D-958D-D879DA3F6363}.Debug|Any CPU.ActiveCfg = Debug|Any CPU
		{60507306-BA19-497D-958D-D879DA3F6363}.Debug|Any CPU.Build.0 = Debug|Any CPU
		{60507306-BA19-497D-958D-D879DA3F6363}.Release|Any CPU.ActiveCfg = Release|Any CPU
		{60507306-BA19-497D-958D-D879DA3F6363}.Release|Any CPU.Build.0 = Release|Any CPU
		{0551964C-F3CE-4612-8906-7F27A593B31C}.Debug|Any CPU.ActiveCfg = Debug|Any CPU
		{0551964C-F3CE-4612-8906-7F27A593B31C}.Debug|Any CPU.Build.0 = Debug|Any CPU
		{0551964C-F3CE-4612-8906-7F27A593B31C}.Release|Any CPU.ActiveCfg = Release|Any CPU
		{0551964C-F3CE-4612-8906-7F27A593B31C}.Release|Any CPU.Build.0 = Release|Any CPU
		{71A282A5-6438-408E-9BC7-0BB3E16D5A02}.Debug|Any CPU.ActiveCfg = Debug|Any CPU
		{71A282A5-6438-408E-9BC7-0BB3E16D5A02}.Debug|Any CPU.Build.0 = Debug|Any CPU
		{71A282A5-6438-408E-9BC7-0BB3E16D5A02}.Release|Any CPU.ActiveCfg = Release|Any CPU
		{71A282A5-6438-408E-9BC7-0BB3E16D5A02}.Release|Any CPU.Build.0 = Release|Any CPU
		{5206C3D4-E069-4C4E-8790-F9919A4BB029}.Debug|Any CPU.ActiveCfg = Debug|Any CPU
		{5206C3D4-E069-4C4E-8790-F9919A4BB029}.Debug|Any CPU.Build.0 = Debug|Any CPU
		{5206C3D4-E069-4C4E-8790-F9919A4BB029}.Release|Any CPU.ActiveCfg = Release|Any CPU
		{5206C3D4-E069-4C4E-8790-F9919A4BB029}.Release|Any CPU.Build.0 = Release|Any CPU
		{9DE0E919-831F-46E3-B86C-B115E321CC72}.Debug|Any CPU.ActiveCfg = Debug|Any CPU
		{9DE0E919-831F-46E3-B86C-B115E321CC72}.Debug|Any CPU.Build.0 = Debug|Any CPU
		{9DE0E919-831F-46E3-B86C-B115E321CC72}.Release|Any CPU.ActiveCfg = Release|Any CPU
		{9DE0E919-831F-46E3-B86C-B115E321CC72}.Release|Any CPU.Build.0 = Release|Any CPU
	EndGlobalSection
	GlobalSection(SolutionProperties) = preSolution
		HideSolutionNode = FALSE
	EndGlobalSection
	GlobalSection(NestedProjects) = preSolution
		{60507306-BA19-497D-958D-D879DA3F6363} = {A0A43DD7-55AC-4B03-A72B-979446B312D2}
		{0551964C-F3CE-4612-8906-7F27A593B31C} = {A0A43DD7-55AC-4B03-A72B-979446B312D2}
		{71A282A5-6438-408E-9BC7-0BB3E16D5A02} = {FDB74E04-23BD-4A44-9A87-574CDBBFB0F7}
		{5206C3D4-E069-4C4E-8790-F9919A4BB029} = {5850CEBD-6280-42C4-A840-78B89DA863A8}
		{9DE0E919-831F-46E3-B86C-B115E321CC72} = {FDB74E04-23BD-4A44-9A87-574CDBBFB0F7}
	EndGlobalSection
	GlobalSection(ExtensibilityGlobals) = postSolution
		SolutionGuid = {3CD07EFA-CF8D-4894-B50C-4B22CF54BBEF}
	EndGlobalSection
EndGlobal
